Microsoft Visual Studio Solution File, Format Version 12.00
# Visual Studio 14
VisualStudioVersion = 14.0.25420.1
MinimumVisualStudioVersion = 10.0.40219.1
Project("{8BC9CEB8-8B4A-11D0-8D11-00A0C91BC942}") = "MegaMinx2", "MegaMinx2.vcxproj", "{C585DBD5-1638-3143-8D28-26D03D01AF0D}"
EndProject
Global
	GlobalSection(SolutionConfigurationPlatforms) = preSolution
		Debug|Win32 = Debug|Win32
		MinSizeRel|Win32 = MinSizeRel|Win32
		Release|Win32 = Release|Win32
		RelWithDebInfo|Win32 = RelWithDebInfo|Win32
	EndGlobalSection
	GlobalSection(ProjectConfigurationPlatforms) = postSolution
		{C585DBD5-1638-3143-8D28-26D03D01AF0D}.Debug|Win32.ActiveCfg = Debug|Win32
		{C585DBD5-1638-3143-8D28-26D03D01AF0D}.Debug|Win32.Build.0 = Debug|Win32
		{C585DBD5-1638-3143-8D28-26D03D01AF0D}.MinSizeRel|Win32.ActiveCfg = MinSizeRel|Win32
		{C585DBD5-1638-3143-8D28-26D03D01AF0D}.MinSizeRel|Win32.Build.0 = MinSizeRel|Win32
		{C585DBD5-1638-3143-8D28-26D03D01AF0D}.Release|Win32.ActiveCfg = Release|Win32
		{C585DBD5-1638-3143-8D28-26D03D01AF0D}.Release|Win32.Build.0 = Release|Win32
		{C585DBD5-1638-3143-8D28-26D03D01AF0D}.RelWithDebInfo|Win32.ActiveCfg = RelWithDebInfo|Win32
		{C585DBD5-1638-3143-8D28-26D03D01AF0D}.RelWithDebInfo|Win32.Build.0 = RelWithDebInfo|Win32
	EndGlobalSection
	GlobalSection(SolutionProperties) = preSolution
		HideSolutionNode = FALSE
	EndGlobalSection
	GlobalSection(ExtensibilityGlobals) = postSolution
		SolutionGuid = {E57D0E03-47AF-3B57-A4C3-D6A352FA13DF}
	EndGlobalSection
EndGlobal
